github.com/hashicorp/golang-lru/v2 v2.0.4 h1:7GHuZcgid37q8o5i3QI9KMT4nCWQQ3Kx3Ov6bb9MfK0=
github.com/hashicorp/golang-lru/v2 v2.0.4/go.mod h1:QeFd9opnmA6QUJc5vARoKUSoFhyfM2/ZepoAG6RGpeM=
github.com/julienschmidt/httprouter v1.3.0 h1:U0609e9tgbseu3rBINet9P48AI/D3oJs4dN7jwJOQ1U=
github.com/julienschmidt/httprouter v1.3.0/go.mod h1:JR6WtHb+2LUe8TCKY3cZOxFyyO8IZAc4RVcycCCAKdM=
github.com/petoc/hgt v1.0.1 h1:VHwm3R2S2KBo2qmqIYS89DixiLZrqNhbjuUIDguE35k=
github.com/petoc/hgt v1.0.1/go.mod h1:I9hRBdF/VrFQqraFI8tEi2AKIU06LOkA8FOGEHoD4j0=
